// !$*UTF8*$!
{
	archiveVersion = 1;
	classes = {
	};
	objectVersion = 46;
	objects = {

/* Begin PBXBuildFile section */
		8EF179341EBE2BFC002944A7 /* main.cpp in Sources */ = {isa = PBXBuildFile; fileRef = 8EF179331EBE2BFC002944A7 /* main.cpp */; };
/* End PBXBuildFile section */

/* Begin PBXCopyFilesBuildPhase section */
		8EF1792E1EBE2BFC002944A7 /* CopyFiles */ = {
			isa = PBXCopyFilesBuildPhase;
			buildActionMask = 2147483647;
			dstPath = /usr/share/man/man1/;
			dstSubfolderSpec = 0;
			files = (
			);
			runOnlyForDeploymentPostprocessing = 1;
		};
/* End PBXCopyFilesBuildPhase section */

/* Begin PBXFileReference section */
		8EF179301EBE2BFC002944A7 /* ev_face_cmd */ = {isa = PBXFileReference; explicitFileType = "compiled.mach-o.executable"; includeInIndex = 0; path = ev_face_cmd; sourceTree = BUILT_PRODUCTS_DIR; };
		8EF179331EBE2BFC002944A7 /* main.cpp */ = {isa = PBXFileReference; lastKnownFileType = sourcecode.cpp.cpp; path = main.cpp; sourceTree = "<group>"; };
/* End PBXFileReference section */

/* Begin PBXFrameworksBuildPhase section */
		8EF1792D1EBE2BFC002944A7 /* Frameworks */ = {
			isa = PBXFrameworksBuildPhase;
			buildActionMask = 2147483647;
			files = (
			);
			runOnlyForDeploymentPostprocessing = 0;
		};
/* End PBXFrameworksBuildPhase section */

/* Begin PBXGroup section */
		8EF179271EBE2BFC002944A7 = {
			isa = PBXGroup;
			children = (
				8EF179321EBE2BFC002944A7 /* ev_face_cmd */,
				8EF179311EBE2BFC002944A7 /* Products */,
			);
			sourceTree = "<group>";
		};
		8EF179311EBE2BFC002944A7 /* Products */ = {
			isa = PBXGroup;
			children = (
				8EF179301EBE2BFC002944A7 /* ev_face_cmd */,
			);
			name = Products;
			sourceTree = "<group>";
		};
		8EF179321EBE2BFC002944A7 /* ev_face_cmd */ = {
			isa = PBXGroup;
			children = (
				8EF179331EBE2BFC002944A7 /* main.cpp */,
			);
			path = ev_face_cmd;
			sourceTree = "<group>";
		};
/* End PBXGroup section */

/* Begin PBXNativeTarget section */
		8EF1792F1EBE2BFC002944A7 /* ev_face_cmd */ = {
			isa = PBXNativeTarget;
			buildConfigurationList = 8EF179371EBE2BFC002944A7 /* Build configuration list for PBXNativeTarget "ev_face_cmd" */;
			buildPhases = (
				8EF1792C1EBE2BFC002944A7 /* Sources */,
				8EF1792D1EBE2BFC002944A7 /* Frameworks */,
				8EF1792E1EBE2BFC002944A7 /* CopyFiles */,
			);
			buildRules = (
			);
			dependencies = (
			);
			name = ev_face_cmd;
			productName = ev_face_cmd;
			productReference = 8EF179301EBE2BFC002944A7 /* ev_face_cmd */;
			productType = "com.apple.product-type.tool";
		};
/* End PBXNativeTarget section */

/* Begin PBXProject section */
		8EF179281EBE2BFC002944A7 /* Project object */ = {
			isa = PBXProject;
			attributes = {
				LastUpgradeCheck = 0830;
				ORGANIZATIONNAME = ExtremeVision;
				TargetAttributes = {
					8EF1792F1EBE2BFC002944A7 = {
						CreatedOnToolsVersion = 8.3.2;
						ProvisioningStyle = Automatic;
					};
				};
			};
			buildConfigurationList = 8EF1792B1EBE2BFC002944A7 /* Build configuration list for PBXProject "ev_face_cmd" */;
			compatibilityVersion = "Xcode 3.2";
			developmentRegion = English;
			hasScannedForEncodings = 0;
			knownRegions = (
				en,
			);
			mainGroup = 8EF179271EBE2BFC002944A7;
			productRefGroup = 8EF179311EBE2BFC002944A7 /* Products */;
			projectDirPath = "";
			projectRoot = "";
			targets = (
				8EF1792F1EBE2BFC002944A7 /* ev_face_cmd */,
			);
		};
/* End PBXProject section */

/* Begin PBXSourcesBuildPhase section */
		8EF1792C1EBE2BFC002944A7 /* Sources */ = {
			isa = PBXSourcesBuildPhase;
			buildActionMask = 2147483647;
			files = (
				8EF179341EBE2BFC002944A7 /* main.cpp in Sources */,
			);
			runOnlyForDeploymentPostprocessing = 0;
		};
/* End PBXSourcesBuildPhase section */

/* Begin XCBuildConfiguration section */
		8EF179351EBE2BFC002944A7 /* Debug */ = {
			isa = XCBuildConfiguration;
			buildSettings = {
				ALWAYS_SEARCH_USER_PATHS = NO;
				CLANG_ANALYZER_NONNULL = YES;
				CLANG_ANALYZER_NUMBER_OBJECT_CONVERSION = YES_AGGRESSIVE;
				CLANG_CXX_LANGUAGE_STANDARD = "gnu++0x";
				CLANG_CXX_LIBRARY = "libc++";
				CLANG_ENABLE_MODULES = YES;
				CLANG_ENABLE_OBJC_ARC = YES;
				CLANG_WARN_BOOL_CONVERSION = YES;
				CLANG_WARN_CONSTANT_CONVERSION = YES;
				CLANG_WARN_DIRECT_OBJC_ISA_USAGE = YES_ERROR;
				CLANG_WARN_DOCUMENTATION_COMMENTS = YES;
				CLANG_WARN_EMPTY_BODY = YES;
				CLANG_WARN_ENUM_CONVERSION = YES;
				CLANG_WARN_INFINITE_RECURSION = YES;
				CLANG_WARN_INT_CONVERSION = YES;
				CLANG_WARN_OBJC_ROOT_CLASS = YES_ERROR;
				CLANG_WARN_SUSPICIOUS_MOVE = YES;
				CLANG_WARN_UNREACHABLE_CODE = YES;
				CLANG_WARN__DUPLICATE_METHOD_MATCH = YES;
				CODE_SIGN_IDENTITY = "-";
				COPY_PHASE_STRIP = NO;
				DEBUG_INFORMATION_FORMAT = dwarf;
				ENABLE_STRICT_OBJC_MSGSEND = YES;
				ENABLE_TESTABILITY = YES;
				GCC_C_LANGUAGE_STANDARD = gnu99;
				GCC_DYNAMIC_NO_PIC = NO;
				GCC_NO_COMMON_BLOCKS = YES;
				GCC_OPTIMIZATION_LEVEL = 0;
				GCC_PREPROCESSOR_DEFINITIONS = (
					"DEBUG=1",
					"$(inherited)",
				);
				GCC_WARN_64_TO_32_BIT_CONVERSION = YES;
				GCC_WARN_ABOUT_RETURN_TYPE = YES_ERROR;
				GCC_WARN_UNDECLARED_SELECTOR = YES;
				GCC_WARN_UNINITIALIZED_AUTOS = YES_AGGRESSIVE;
				GCC_WARN_UNUSED_FUNCTION = YES;
				GCC_WARN_UNUSED_VARIABLE = YES;
				MACOSX_DEPLOYMENT_TARGET = 10.12;
				MTL_ENABLE_DEBUG_INFO = YES;
				ONLY_ACTIVE_ARCH = YES;
				SDKROOT = macosx;
			};
			name = Debug;
		};
		8EF179361EBE2BFC002944A7 /* Release */ = {
			isa = XCBuildConfiguration;
			buildSettings = {
				ALWAYS_SEARCH_USER_PATHS = NO;
				CLANG_ANALYZER_NONNULL = YES;
				CLANG_ANALYZER_NUMBER_OBJECT_CONVERSION = YES_AGGRESSIVE;
				CLANG_CXX_LANGUAGE_STANDARD = "gnu++0x";
				CLANG_CXX_LIBRARY = "libc++";
				CLANG_ENABLE_MODULES = YES;
				CLANG_ENABLE_OBJC_ARC = YES;
				CLANG_WARN_BOOL_CONVERSION = YES;
				CLANG_WARN_CONSTANT_CONVERSION = YES;
				CLANG_WARN_DIRECT_OBJC_ISA_USAGE = YES_ERROR;
				CLANG_WARN_DOCUMENTATION_COMMENTS = YES;
				CLANG_WARN_EMPTY_BODY = YES;
				CLANG_WARN_ENUM_CONVERSION = YES;
				CLANG_WARN_INFINITE_RECURSION = YES;
				CLANG_WARN_INT_CONVERSION = YES;
				CLANG_WARN_OBJC_ROOT_CLASS = YES_ERROR;
				CLANG_WARN_SUSPICIOUS_MOVE = YES;
				CLANG_WARN_UNREACHABLE_CODE = YES;
				CLANG_WARN__DUPLICATE_METHOD_MATCH = YES;
				CODE_SIGN_IDENTITY = "-";
				COPY_PHASE_STRIP = NO;
				DEBUG_INFORMATION_FORMAT = "dwarf-with-dsym";
				ENABLE_NS_ASSERTIONS = NO;
				ENABLE_STRICT_OBJC_MSGSEND = YES;
				GCC_C_LANGUAGE_STANDARD = gnu99;
				GCC_NO_COMMON_BLOCKS = YES;
				GCC_WARN_64_TO_32_BIT_CONVERSION = YES;
				GCC_WARN_ABOUT_RETURN_TYPE = YES_ERROR;
				GCC_WARN_UNDECLARED_SELECTOR = YES;
				GCC_WARN_UNINITIALIZED_AUTOS = YES_AGGRESSIVE;
				GCC_WARN_UNUSED_FUNCTION = YES;
				GCC_WARN_UNUSED_VARIABLE = YES;
				MACOSX_DEPLOYMENT_TARGET = 10.12;
				MTL_ENABLE_DEBUG_INFO = NO;
				SDKROOT = macosx;
			};
			name = Release;
		};
		8EF179381EBE2BFC002944A7 /* Debug */ = {
			isa = XCBuildConfiguration;
			buildSettings = {
				CLANG_CXX_LANGUAGE_STANDARD = "c++0x";
				"OTHER_CPLUSPLUSFLAGS[arch=*]" = (
					"-I/usr/local/include",
					"-I../include",
					"-I/Users/rzyang/SeetaFaceEngine/FaceDetection/include",
					"-I/Users/rzyang/SeetaFaceEngine/FaceIdentification/include",
					"-I/Users/rzyang/SeetaFaceEngine/FaceAlignment/include",
					"-L/usr/local/lib",
					"-lopencv_highgui",
					"-lopencv_core",
					"-lopencv_imgproc",
					"-lopencv_imgcodecs",
					"-lglog",
					"-L/Users/rzyang/SeetaFaceEngine/FaceAlignment/build",
					"-L/Users/rzyang/SeetaFaceEngine/FaceDetection/build",
					"-L/Users/rzyang/SeetaFaceEngine/FaceIdentification/build",
				);
				PRODUCT_NAME = "$(TARGET_NAME)";
			};
			name = Debug;
		};
		8EF179391EBE2BFC002944A7 /* Release */ = {
			isa = XCBuildConfiguration;
			buildSettings = {
				CLANG_CXX_LANGUAGE_STANDARD = "c++0x";
				PRODUCT_NAME = "$(TARGET_NAME)";
			};
			name = Release;
		};
/* End XCBuildConfiguration section */

/* Begin XCConfigurationList section */
		8EF1792B1EBE2BFC002944A7 /* Build configuration list for PBXProject "ev_face_cmd" */ = {
			isa = XCConfigurationList;
			buildConfigurations = (
				8EF179351EBE2BFC002944A7 /* Debug */,
				8EF179361EBE2BFC002944A7 /* Release */,
			);
			defaultConfigurationIsVisible = 0;
			defaultConfigurationName = Release;
		};
		8EF179371EBE2BFC002944A7 /* Build configuration list for PBXNativeTarget "ev_face_cmd" */ = {
			isa = XCConfigurationList;
			buildConfigurations = (
				8EF179381EBE2BFC002944A7 /* Debug */,
				8EF179391EBE2BFC002944A7 /* Release */,
			);
			defaultConfigurationIsVisible = 0;
		};
/* End XCConfigurationList section */
	};
	rootObject = 8EF179281EBE2BFC002944A7 /* Project object */;
}
